
Microsoft Visual Studio Solution File, Format Version 12.00
# Visual Studio Version 17
VisualStudioVersion = 17.9.34728.123
MinimumVisualStudioVersion = 10.0.40219.1
Project("{FAE04EC0-301F-11D3-BF4B-00C04F79EFBC}") = "ConsoleStoryGame", "ConsoleStoryGame\ConsoleStoryGame.csproj", "{573D4A6A-FA6D-486B-95F0-1F53A9964206}"
EndProject
Global
	GlobalSection(SolutionConfigurationPlatforms) = preSolution
		Debug|Any CPU = Debug|Any CPU
		Release|Any CPU = Release|Any CPU
	EndGlobalSection
	GlobalSection(ProjectConfigurationPlatforms) = postSolution
		{573D4A6A-FA6D-486B-95F0-1F53A9964206}.Debug|Any CPU.ActiveCfg = Debug|Any CPU
		{573D4A6A-FA6D-486B-95F0-1F53A9964206}.Debug|Any CPU.Build.0 = Debug|Any CPU
		{573D4A6A-FA6D-486B-95F0-1F53A9964206}.Release|Any CPU.ActiveCfg = Release|Any CPU
		{573D4A6A-FA6D-486B-95F0-1F53A9964206}.Release|Any CPU.Build.0 = Release|Any CPU
	EndGlobalSection
	GlobalSection(SolutionProperties) = preSolution
		HideSolutionNode = FALSE
	EndGlobalSection
	GlobalSection(ExtensibilityGlobals) = postSolution
		SolutionGuid = {9608194F-9E1E-49C6-9002-2F7C8B74621D}
	EndGlobalSection
EndGlobal
